// !$*UTF8*$!
{
    archiveVersion = 1;
    classes = {};
    objectVersion = 46;
    rootObject = __RootObject_;
    objects = {
        __RootObject_ = {
            isa = PBXProject;
            attributes = {LastUpgradeCheck = 9999;};
            buildConfigurationList = ___RootConfs_;
            compatibilityVersion = 'Xcode 3.2';
            developmentRegion = English;
            hasScannedForEncodings = 0;
            knownRegions = (en);
            mainGroup = ___RootGroup_;
            productRefGroup = ____Products_;
            projectDirPath = '';
            projectRoot = '';
            targets = (______Target_Cryptor, ______Target_CryptorTestSuite);
        };
        '__PBXFileRef_Package.swift' = {
            isa = PBXFileReference;
            lastKnownFileType = sourcecode.swift;
            name = 'Package.swift';
            path = 'Package.swift';
            sourceTree = '<group>';
        };
        ___RootGroup_ = {
            isa = PBXGroup;
            children = ('__PBXFileRef_Package.swift', _____Configs_, _____Sources_, Dependencies_, _______Tests_, ____Products_);
            sourceTree = '<group>';
        };
        __PBXFileRef_Cryptor_Info.plist = {
            isa = PBXFileReference;
            lastKnownFileType = text.plist.xml;
            name = 'Cryptor_Info.plist';
            path = 'Cryptor.xcodeproj/Cryptor_Info.plist';
            sourceTree = SOURCE_ROOT;
        };
        _______Group_Cryptor = {
            isa = PBXGroup;
            name = Cryptor;
            path = 'Sources';
            sourceTree = '<group>';
            children = ('__PBXFileRef_Sources/Crypto.swift', '__PBXFileRef_Sources/Cryptor.swift', '__PBXFileRef_Sources/Digest.swift', '__PBXFileRef_Sources/HMAC.swift', '__PBXFileRef_Sources/KeyDerivation.swift', '__PBXFileRef_Sources/Random.swift', '__PBXFileRef_Sources/Status.swift', '__PBXFileRef_Sources/StreamCryptor.swift', '__PBXFileRef_Sources/Updateable.swift', '__PBXFileRef_Sources/Utilities.swift', __PBXFileRef_Cryptor_Info.plist);
        };
        '__PBXFileRef_Sources/Crypto.swift' = {
            isa = PBXFileReference;
            lastKnownFileType = sourcecode.swift;
            name = 'Crypto.swift';
            sourceTree = '<group>';
        };
        '__PBXFileRef_Sources/Cryptor.swift' = {
            isa = PBXFileReference;
            lastKnownFileType = sourcecode.swift;
            name = 'Cryptor.swift';
            sourceTree = '<group>';
        };
        '__PBXFileRef_Sources/Digest.swift' = {
            isa = PBXFileReference;
            lastKnownFileType = sourcecode.swift;
            name = 'Digest.swift';
            sourceTree = '<group>';
        };
        '__PBXFileRef_Sources/HMAC.swift' = {
            isa = PBXFileReference;
            lastKnownFileType = sourcecode.swift;
            name = 'HMAC.swift';
            sourceTree = '<group>';
        };
        '__PBXFileRef_Sources/KeyDerivation.swift' = {
            isa = PBXFileReference;
            lastKnownFileType = sourcecode.swift;
            name = 'KeyDerivation.swift';
            sourceTree = '<group>';
        };
        '__PBXFileRef_Sources/Random.swift' = {
            isa = PBXFileReference;
            lastKnownFileType = sourcecode.swift;
            name = 'Random.swift';
            sourceTree = '<group>';
        };
        '__PBXFileRef_Sources/Status.swift' = {
            isa = PBXFileReference;
            lastKnownFileType = sourcecode.swift;
            name = 'Status.swift';
            sourceTree = '<group>';
        };
        '__PBXFileRef_Sources/StreamCryptor.swift' = {
            isa = PBXFileReference;
            lastKnownFileType = sourcecode.swift;
            name = 'StreamCryptor.swift';
            sourceTree = '<group>';
        };
        '__PBXFileRef_Sources/Updateable.swift' = {
            isa = PBXFileReference;
            lastKnownFileType = sourcecode.swift;
            name = 'Updateable.swift';
            sourceTree = '<group>';
        };
        '__PBXFileRef_Sources/Utilities.swift' = {
            isa = PBXFileReference;
            lastKnownFileType = sourcecode.swift;
            name = 'Utilities.swift';
            sourceTree = '<group>';
        };
        ______Target_Cryptor = {
            isa = PBXNativeTarget;
            buildConfigurationList = _______Confs_Cryptor;
            buildPhases = (CompilePhase_Cryptor, ___LinkPhase_Cryptor);
            buildRules = ();
            dependencies = ();
            name = Cryptor;
            productName = Cryptor;
            productReference = _____Product_Cryptor;
            productType = 'com.apple.product-type.framework';
        };
        _____Product_Cryptor = {
            isa = PBXFileReference;
            explicitFileType = 'wrapper.framework';
            path = 'Cryptor.framework';
            sourceTree = BUILT_PRODUCTS_DIR;
        };
        CompilePhase_Cryptor = {
            isa = PBXSourcesBuildPhase;
            files = ('__src_cc_ref_Sources/Crypto.swift', '__src_cc_ref_Sources/Cryptor.swift', '__src_cc_ref_Sources/Digest.swift', '__src_cc_ref_Sources/HMAC.swift', '__src_cc_ref_Sources/KeyDerivation.swift', '__src_cc_ref_Sources/Random.swift', '__src_cc_ref_Sources/Status.swift', '__src_cc_ref_Sources/StreamCryptor.swift', '__src_cc_ref_Sources/Updateable.swift', '__src_cc_ref_Sources/Utilities.swift');
            runOnlyForDeploymentPostprocessing = 0;
        };
        '__src_cc_ref_Sources/Crypto.swift' = {
            isa = PBXBuildFile;
            fileRef = '__PBXFileRef_Sources/Crypto.swift';
        };
        '__src_cc_ref_Sources/Cryptor.swift' = {
            isa = PBXBuildFile;
            fileRef = '__PBXFileRef_Sources/Cryptor.swift';
        };
        '__src_cc_ref_Sources/Digest.swift' = {
            isa = PBXBuildFile;
            fileRef = '__PBXFileRef_Sources/Digest.swift';
        };
        '__src_cc_ref_Sources/HMAC.swift' = {
            isa = PBXBuildFile;
            fileRef = '__PBXFileRef_Sources/HMAC.swift';
        };
        '__src_cc_ref_Sources/KeyDerivation.swift' = {
            isa = PBXBuildFile;
            fileRef = '__PBXFileRef_Sources/KeyDerivation.swift';
        };
        '__src_cc_ref_Sources/Random.swift' = {
            isa = PBXBuildFile;
            fileRef = '__PBXFileRef_Sources/Random.swift';
        };
        '__src_cc_ref_Sources/Status.swift' = {
            isa = PBXBuildFile;
            fileRef = '__PBXFileRef_Sources/Status.swift';
        };
        '__src_cc_ref_Sources/StreamCryptor.swift' = {
            isa = PBXBuildFile;
            fileRef = '__PBXFileRef_Sources/StreamCryptor.swift';
        };
        '__src_cc_ref_Sources/Updateable.swift' = {
            isa = PBXBuildFile;
            fileRef = '__PBXFileRef_Sources/Updateable.swift';
        };
        '__src_cc_ref_Sources/Utilities.swift' = {
            isa = PBXBuildFile;
            fileRef = '__PBXFileRef_Sources/Utilities.swift';
        };
        ___LinkPhase_Cryptor = {
            isa = PBXFrameworksBuildPhase;
            files = ();
            runOnlyForDeploymentPostprocessing = 0;
        };
        _______Confs_Cryptor = {
            isa = XCConfigurationList;
            buildConfigurations = (___DebugConf_Cryptor, _ReleaseConf_Cryptor);
            defaultConfigurationIsVisible = 0;
            defaultConfigurationName = Debug;
        };
        ___DebugConf_Cryptor = {
            isa = XCBuildConfiguration;
            buildSettings = { LD_RUNPATH_SEARCH_PATHS = '$(TOOLCHAIN_DIR)/usr/lib/swift/macosx'; PRODUCT_MODULE_NAME = '$(TARGET_NAME:c99extidentifier)'; ENABLE_TESTABILITY = 'YES'; OTHER_SWIFT_FLAGS = '$(inherited)'; INFOPLIST_FILE = 'Cryptor.xcodeproj/Cryptor_Info.plist'; FRAMEWORK_SEARCH_PATHS = '$(PLATFORM_DIR)/Developer/Library/Frameworks'; SWIFT_OPTIMIZATION_LEVEL = '-Onone'; HEADER_SEARCH_PATHS = '/Users/owenwj/Projects/Swift/PM/BlueCryptor/Packages/CommonCrypto-0.1.4'; OTHER_LDFLAGS = '$(inherited)'; PRODUCT_NAME = '$(TARGET_NAME:c99extidentifier)'; };
            name = Debug;
        };
        _ReleaseConf_Cryptor = {
            isa = XCBuildConfiguration;
            buildSettings = { LD_RUNPATH_SEARCH_PATHS = '$(TOOLCHAIN_DIR)/usr/lib/swift/macosx'; PRODUCT_MODULE_NAME = '$(TARGET_NAME:c99extidentifier)'; ENABLE_TESTABILITY = 'YES'; OTHER_SWIFT_FLAGS = '$(inherited)'; INFOPLIST_FILE = 'Cryptor.xcodeproj/Cryptor_Info.plist'; FRAMEWORK_SEARCH_PATHS = '$(PLATFORM_DIR)/Developer/Library/Frameworks'; HEADER_SEARCH_PATHS = '/Users/owenwj/Projects/Swift/PM/BlueCryptor/Packages/CommonCrypto-0.1.4'; OTHER_LDFLAGS = '$(inherited)'; PRODUCT_NAME = '$(TARGET_NAME:c99extidentifier)'; };
            name = Release;
        };
        __Dependency_Cryptor = {
            isa = PBXTargetDependency;
            target = ______Target_Cryptor;
        };
        __PBXFileRef_CryptorTestSuite_Info.plist = {
            isa = PBXFileReference;
            lastKnownFileType = text.plist.xml;
            name = 'CryptorTestSuite_Info.plist';
            path = 'Cryptor.xcodeproj/CryptorTestSuite_Info.plist';
            sourceTree = SOURCE_ROOT;
        };
        _______Group_CryptorTestSuite = {
            isa = PBXGroup;
            name = CryptorTestSuite;
            path = 'Tests/Cryptor';
            sourceTree = '<group>';
            children = ('__PBXFileRef_Tests/Cryptor/CryptorTests.swift', __PBXFileRef_CryptorTestSuite_Info.plist);
        };
        '__PBXFileRef_Tests/Cryptor/CryptorTests.swift' = {
            isa = PBXFileReference;
            lastKnownFileType = sourcecode.swift;
            name = 'CryptorTests.swift';
            sourceTree = '<group>';
        };
        ______Target_CryptorTestSuite = {
            isa = PBXNativeTarget;
            buildConfigurationList = _______Confs_CryptorTestSuite;
            buildPhases = (CompilePhase_CryptorTestSuite, ___LinkPhase_CryptorTestSuite);
            buildRules = ();
            dependencies = (__Dependency_Cryptor);
            name = CryptorTestSuite;
            productName = CryptorTestSuite;
            productReference = _____Product_CryptorTestSuite;
            productType = 'com.apple.product-type.bundle.unit-test';
        };
        _____Product_CryptorTestSuite = {
            isa = PBXFileReference;
            explicitFileType = 'compiled.mach-o.wrapper.cfbundle';
            path = 'CryptorTestSuite.xctest';
            sourceTree = BUILT_PRODUCTS_DIR;
        };
        CompilePhase_CryptorTestSuite = {
            isa = PBXSourcesBuildPhase;
            files = ('__src_cc_ref_Tests/Cryptor/CryptorTests.swift');
            runOnlyForDeploymentPostprocessing = 0;
        };
        '__src_cc_ref_Tests/Cryptor/CryptorTests.swift' = {
            isa = PBXBuildFile;
            fileRef = '__PBXFileRef_Tests/Cryptor/CryptorTests.swift';
        };
        ___LinkPhase_CryptorTestSuite = {
            isa = PBXFrameworksBuildPhase;
            files = (_LinkFileRef_Cryptor_via_CryptorTestSuite);
            runOnlyForDeploymentPostprocessing = 0;
        };
        _LinkFileRef_Cryptor_via_CryptorTestSuite = {
            isa = PBXBuildFile;
            fileRef = _____Product_Cryptor;
        };
        _______Confs_CryptorTestSuite = {
            isa = XCConfigurationList;
            buildConfigurations = (___DebugConf_CryptorTestSuite, _ReleaseConf_CryptorTestSuite);
            defaultConfigurationIsVisible = 0;
            defaultConfigurationName = Debug;
        };
        ___DebugConf_CryptorTestSuite = {
            isa = XCBuildConfiguration;
            buildSettings = { LD_RUNPATH_SEARCH_PATHS = '@loader_path/../Frameworks'; FRAMEWORK_SEARCH_PATHS = '$(PLATFORM_DIR)/Developer/Library/Frameworks'; HEADER_SEARCH_PATHS = '/Users/owenwj/Projects/Swift/PM/BlueCryptor/Packages/CommonCrypto-0.1.4'; OTHER_SWIFT_FLAGS = '$(inherited)'; INFOPLIST_FILE = 'Cryptor.xcodeproj/CryptorTestSuite_Info.plist'; SWIFT_OPTIMIZATION_LEVEL = '-Onone'; EMBEDDED_CONTENT_CONTAINS_SWIFT = 'YES'; OTHER_LDFLAGS = '$(inherited)'; };
            name = Debug;
        };
        _ReleaseConf_CryptorTestSuite = {
            isa = XCBuildConfiguration;
            buildSettings = { LD_RUNPATH_SEARCH_PATHS = '@loader_path/../Frameworks'; FRAMEWORK_SEARCH_PATHS = '$(PLATFORM_DIR)/Developer/Library/Frameworks'; HEADER_SEARCH_PATHS = '/Users/owenwj/Projects/Swift/PM/BlueCryptor/Packages/CommonCrypto-0.1.4'; OTHER_SWIFT_FLAGS = '$(inherited)'; INFOPLIST_FILE = 'Cryptor.xcodeproj/CryptorTestSuite_Info.plist'; EMBEDDED_CONTENT_CONTAINS_SWIFT = 'YES'; OTHER_LDFLAGS = '$(inherited)'; };
            name = Release;
        };
        __Dependency_CryptorTestSuite = {
            isa = PBXTargetDependency;
            target = ______Target_CryptorTestSuite;
        };
        '__PBXFileRef_Cryptor.xcodeproj/Configs/Project.xcconfig' = {
            isa = PBXFileReference;
            lastKnownFileType = text.xcconfig;
            name = 'Project.xcconfig';
            path = 'Cryptor.xcodeproj/Configs/Project.xcconfig';
            sourceTree = '<group>';
        };
        _____Configs_ = {
            isa = PBXGroup;
            children = ('__PBXFileRef_Cryptor.xcodeproj/Configs/Project.xcconfig');
            name = Configs;
            sourceTree = '<group>';
        };
        _____Sources_ = {
            isa = PBXGroup;
            children = (_______Group_Cryptor);
            name = Sources;
            sourceTree = '<group>';
        };
        _______Tests_ = {
            isa = PBXGroup;
            children = (_______Group_CryptorTestSuite);
            name = Tests;
            sourceTree = '<group>';
        };
       TestProducts_ = {
            isa = PBXGroup;
            children = (_____Product_CryptorTestSuite);
            name = Tests;
            sourceTree = '<group>';
        };
        ____Products_ = {
            isa = PBXGroup;
            children = (TestProducts_, _____Product_Cryptor);
            name = Products;
            sourceTree = '<group>';
        };
        _______Debug_ = {
            isa = XCBuildConfiguration;
            baseConfigurationReference = '__PBXFileRef_Cryptor.xcodeproj/Configs/Project.xcconfig';
            buildSettings = {};
            name = Debug;
        };
        _____Release_ = {
            isa = XCBuildConfiguration;
            baseConfigurationReference = '__PBXFileRef_Cryptor.xcodeproj/Configs/Project.xcconfig';
            buildSettings = {};
            name = Release;
        };
        ___RootConfs_ = {
            isa = XCConfigurationList;
            buildConfigurations = (_______Debug_, _____Release_);
            defaultConfigurationIsVisible = 0;
            defaultConfigurationName = Debug;
        };
    };
}
